// !$*UTF8*$!
{
	archiveVersion = 1;
	classes = {
	};
	objectVersion = 46;
	objects = {

/* Begin PBXBuildFile section */
		5200C4EB1E60903D00D1CFDE /* ServiceProvider.swift in Sources */ = {isa = PBXBuildFile; fileRef = 5200C4EA1E60903D00D1CFDE /* ServiceProvider.swift */; };
		5200C4EE1E6093DF00D1CFDE /* InterviewListViewController.swift in Sources */ = {isa = PBXBuildFile; fileRef = 5200C4ED1E6093DF00D1CFDE /* InterviewListViewController.swift */; };
		5200C4F01E60943B00D1CFDE /* InterviewListCell.swift in Sources */ = {isa = PBXBuildFile; fileRef = 5200C4EF1E60943B00D1CFDE /* InterviewListCell.swift */; };
		5200C4F31E60A6CE00D1CFDE /* InterviewDetailController.swift in Sources */ = {isa = PBXBuildFile; fileRef = 5200C4F21E60A6CD00D1CFDE /* InterviewDetailController.swift */; };
		525E92311E574EE700E40CD4 /* AppDelegate.swift in Sources */ = {isa = PBXBuildFile; fileRef = 525E92301E574EE700E40CD4 /* AppDelegate.swift */; };
		525E92511E5758F400E40CD4 /* Interview.swift in Sources */ = {isa = PBXBuildFile; fileRef = 525E92501E5758F400E40CD4 /* Interview.swift */; };
		525E92531E575D7A00E40CD4 /* Gear.swift in Sources */ = {isa = PBXBuildFile; fileRef = 525E92521E575D7A00E40CD4 /* Gear.swift */; };
		525E92551E5760C400E40CD4 /* NetworkService.swift in Sources */ = {isa = PBXBuildFile; fileRef = 525E92541E5760C400E40CD4 /* NetworkService.swift */; };
		525E92571E57657D00E40CD4 /* NetworkIntegrationTests.swift in Sources */ = {isa = PBXBuildFile; fileRef = 525E92561E57657D00E40CD4 /* NetworkIntegrationTests.swift */; };
		525E92581E5765D900E40CD4 /* NetworkService.swift in Sources */ = {isa = PBXBuildFile; fileRef = 525E92541E5760C400E40CD4 /* NetworkService.swift */; };
		525E92591E5765E000E40CD4 /* Interview.swift in Sources */ = {isa = PBXBuildFile; fileRef = 525E92501E5758F400E40CD4 /* Interview.swift */; };
		525E925A1E5765E300E40CD4 /* Gear.swift in Sources */ = {isa = PBXBuildFile; fileRef = 525E92521E575D7A00E40CD4 /* Gear.swift */; };
		6580E102027D722C17B806D2 /* LaunchScreen.storyboard in Resources */ = {isa = PBXBuildFile; fileRef = 6580E6074357AB2FD03453CE /* LaunchScreen.storyboard */; };
		6580E40D0ABF1C22507500C7 /* Main.storyboard in Resources */ = {isa = PBXBuildFile; fileRef = 6580EED8788434943D8DADAD /* Main.storyboard */; };
		6580E5B530A7368527261F4A /* Assets.xcassets in Resources */ = {isa = PBXBuildFile; fileRef = 6580E58432E6152422C17CA9 /* Assets.xcassets */; };
		6580E84E828BE393C69769BB /* Style.swift in Sources */ = {isa = PBXBuildFile; fileRef = 6580E4A100A17A5EF6EE9A56 /* Style.swift */; };
		855CF1FCCE11AA48B96F3E19 /* Pods_TheSetupTests.framework in Frameworks */ = {isa = PBXBuildFile; fileRef = 321BA37F53E947FA72178760 /* Pods_TheSetupTests.framework */; };
		8F5CACF9C2C093E5A393ED68 /* Pods_TheSetup.framework in Frameworks */ = {isa = PBXBuildFile; fileRef = 32DF78FB8BA2CDA50DEA5F8B /* Pods_TheSetup.framework */; };
/* End PBXBuildFile section */

/* Begin PBXContainerItemProxy section */
		525E92421E574EE700E40CD4 /* PBXContainerItemProxy */ = {
			isa = PBXContainerItemProxy;
			containerPortal = 525E92251E574EE700E40CD4 /* Project object */;
			proxyType = 1;
			remoteGlobalIDString = 525E922C1E574EE700E40CD4;
			remoteInfo = TheSetup;
		};
/* End PBXContainerItemProxy section */

/* Begin PBXFileReference section */
		321BA37F53E947FA72178760 /* Pods_TheSetupTests.framework */ = {isa = PBXFileReference; explicitFileType = wrapper.framework; includeInIndex = 0; path = Pods_TheSetupTests.framework; sourceTree = BUILT_PRODUCTS_DIR; };
		32DF78FB8BA2CDA50DEA5F8B /* Pods_TheSetup.framework */ = {isa = PBXFileReference; explicitFileType = wrapper.framework; includeInIndex = 0; path = Pods_TheSetup.framework; sourceTree = BUILT_PRODUCTS_DIR; };
		3A4BC7FA646232F30697AE0C /* Pods-TheSetupTests.debug.xcconfig */ = {isa = PBXFileReference; includeInIndex = 1; lastKnownFileType = text.xcconfig; name = "Pods-TheSetupTests.debug.xcconfig"; path = "Pods/Target Support Files/Pods-TheSetupTests/Pods-TheSetupTests.debug.xcconfig"; sourceTree = "<group>"; };
		43A3D7190685D806CA6B762C /* Pods-TheSetup.debug.xcconfig */ = {isa = PBXFileReference; includeInIndex = 1; lastKnownFileType = text.xcconfig; name = "Pods-TheSetup.debug.xcconfig"; path = "Pods/Target Support Files/Pods-TheSetup/Pods-TheSetup.debug.xcconfig"; sourceTree = "<group>"; };
		5200C4EA1E60903D00D1CFDE /* ServiceProvider.swift */ = {isa = PBXFileReference; fileEncoding = 4; lastKnownFileType = sourcecode.swift; name = ServiceProvider.swift; path = ServiceProvider/ServiceProvider.swift; sourceTree = "<group>"; };
		5200C4ED1E6093DF00D1CFDE /* InterviewListViewController.swift */ = {isa = PBXFileReference; fileEncoding = 4; lastKnownFileType = sourcecode.swift; name = InterviewListViewController.swift; path = "Interview List/InterviewListViewController.swift"; sourceTree = "<group>"; };
		5200C4EF1E60943B00D1CFDE /* InterviewListCell.swift */ = {isa = PBXFileReference; fileEncoding = 4; lastKnownFileType = sourcecode.swift; name = InterviewListCell.swift; path = "Interview List/InterviewListCell.swift"; sourceTree = "<group>"; };
		5200C4F21E60A6CD00D1CFDE /* InterviewDetailController.swift */ = {isa = PBXFileReference; fileEncoding = 4; lastKnownFileType = sourcecode.swift; name = InterviewDetailController.swift; path = "Interview Detail/InterviewDetailController.swift"; sourceTree = "<group>"; };
		525E922D1E574EE700E40CD4 /* TheSetup.app */ = {isa = PBXFileReference; explicitFileType = wrapper.application; includeInIndex = 0; path = TheSetup.app; sourceTree = BUILT_PRODUCTS_DIR; };
		525E92301E574EE700E40CD4 /* AppDelegate.swift */ = {isa = PBXFileReference; lastKnownFileType = sourcecode.swift; path = AppDelegate.swift; sourceTree = "<group>"; };
		525E92411E574EE700E40CD4 /* TheSetupTests.xctest */ = {isa = PBXFileReference; explicitFileType = wrapper.cfbundle; includeInIndex = 0; path = TheSetupTests.xctest; sourceTree = BUILT_PRODUCTS_DIR; };
		525E92471E574EE700E40CD4 /* Info.plist */ = {isa = PBXFileReference; lastKnownFileType = text.plist.xml; path = Info.plist; sourceTree = "<group>"; };
		525E92501E5758F400E40CD4 /* Interview.swift */ = {isa = PBXFileReference; fileEncoding = 4; lastKnownFileType = sourcecode.swift; path = Interview.swift; sourceTree = "<group>"; };
		525E92521E575D7A00E40CD4 /* Gear.swift */ = {isa = PBXFileReference; fileEncoding = 4; lastKnownFileType = sourcecode.swift; path = Gear.swift; sourceTree = "<group>"; };
		525E92541E5760C400E40CD4 /* NetworkService.swift */ = {isa = PBXFileReference; fileEncoding = 4; lastKnownFileType = sourcecode.swift; path = NetworkService.swift; sourceTree = "<group>"; };
		525E92561E57657D00E40CD4 /* NetworkIntegrationTests.swift */ = {isa = PBXFileReference; fileEncoding = 4; lastKnownFileType = sourcecode.swift; path = NetworkIntegrationTests.swift; sourceTree = "<group>"; };
		6580E2E37015A3BE622E04D5 /* Info.plist */ = {isa = PBXFileReference; fileEncoding = 4; lastKnownFileType = text.plist.info; path = Info.plist; sourceTree = "<group>"; };
		6580E4A100A17A5EF6EE9A56 /* Style.swift */ = {isa = PBXFileReference; fileEncoding = 4; lastKnownFileType = sourcecode.swift; path = Style.swift; sourceTree = "<group>"; };
		6580E58432E6152422C17CA9 /* Assets.xcassets */ = {isa = PBXFileReference; lastKnownFileType = folder.assetcatalog; path = Assets.xcassets; sourceTree = "<group>"; };
		6580EB6123D3EB68CA091586 /* Base */ = {isa = PBXFileReference; lastKnownFileType = file.storyboard; name = Base; path = TheSetup/Base.lproj/Main.storyboard; sourceTree = SOURCE_ROOT; };
		6580ED7992CADD105900B5A2 /* Base */ = {isa = PBXFileReference; lastKnownFileType = file.storyboard; name = Base; path = TheSetup/Base.lproj/LaunchScreen.storyboard; sourceTree = SOURCE_ROOT; };
		B65CBEC1FD80EDEB48B73FFA /* Pods-TheSetupTests.release.xcconfig */ = {isa = PBXFileReference; includeInIndex = 1; lastKnownFileType = text.xcconfig; name = "Pods-TheSetupTests.release.xcconfig"; path = "Pods/Target Support Files/Pods-TheSetupTests/Pods-TheSetupTests.release.xcconfig"; sourceTree = "<group>"; };
		CCA5420CADAB69A7E9DAD5C4 /* Pods-TheSetup.release.xcconfig */ = {isa = PBXFileReference; includeInIndex = 1; lastKnownFileType = text.xcconfig; name = "Pods-TheSetup.release.xcconfig"; path = "Pods/Target Support Files/Pods-TheSetup/Pods-TheSetup.release.xcconfig"; sourceTree = "<group>"; };
/* End PBXFileReference section */

/* Begin PBXFrameworksBuildPhase section */
		525E922A1E574EE700E40CD4 /* Frameworks */ = {
			isa = PBXFrameworksBuildPhase;
			buildActionMask = 2147483647;
			files = (
				8F5CACF9C2C093E5A393ED68 /* Pods_TheSetup.framework in Frameworks */,
			);
			runOnlyForDeploymentPostprocessing = 0;
		};
		525E923E1E574EE700E40CD4 /* Frameworks */ = {
			isa = PBXFrameworksBuildPhase;
			buildActionMask = 2147483647;
			files = (
				855CF1FCCE11AA48B96F3E19 /* Pods_TheSetupTests.framework in Frameworks */,
			);
			runOnlyForDeploymentPostprocessing = 0;
		};
/* End PBXFrameworksBuildPhase section */

/* Begin PBXGroup section */
		1F3BEF3AF17629196448A04C /* Pods */ = {
			isa = PBXGroup;
			children = (
				43A3D7190685D806CA6B762C /* Pods-TheSetup.debug.xcconfig */,
				CCA5420CADAB69A7E9DAD5C4 /* Pods-TheSetup.release.xcconfig */,
				3A4BC7FA646232F30697AE0C /* Pods-TheSetupTests.debug.xcconfig */,
				B65CBEC1FD80EDEB48B73FFA /* Pods-TheSetupTests.release.xcconfig */,
			);
			name = Pods;
			sourceTree = "<group>";
		};
		5200C4E91E60902200D1CFDE /* Service Provider */ = {
			isa = PBXGroup;
			children = (
				5200C4EA1E60903D00D1CFDE /* ServiceProvider.swift */,
			);
			name = "Service Provider";
			sourceTree = "<group>";
		};
		5200C4EC1E6093BB00D1CFDE /* Interview List */ = {
			isa = PBXGroup;
			children = (
				5200C4ED1E6093DF00D1CFDE /* InterviewListViewController.swift */,
				5200C4EF1E60943B00D1CFDE /* InterviewListCell.swift */,
			);
			name = "Interview List";
			sourceTree = "<group>";
		};
		5200C4F11E60A69B00D1CFDE /* Interview Detail */ = {
			isa = PBXGroup;
			children = (
				5200C4F21E60A6CD00D1CFDE /* InterviewDetailController.swift */,
			);
			name = "Interview Detail";
			sourceTree = "<group>";
		};
		525E92241E574EE700E40CD4 = {
			isa = PBXGroup;
			children = (
				525E922F1E574EE700E40CD4 /* TheSetup */,
				525E92441E574EE700E40CD4 /* TheSetupTests */,
				525E922E1E574EE700E40CD4 /* Products */,
				1F3BEF3AF17629196448A04C /* Pods */,
				A2D73DD231E4954DA635D236 /* Frameworks */,
			);
			sourceTree = "<group>";
		};
		525E922E1E574EE700E40CD4 /* Products */ = {
			isa = PBXGroup;
			children = (
				525E922D1E574EE700E40CD4 /* TheSetup.app */,
				525E92411E574EE700E40CD4 /* TheSetupTests.xctest */,
			);
			name = Products;
			sourceTree = "<group>";
		};
		525E922F1E574EE700E40CD4 /* TheSetup */ = {
			isa = PBXGroup;
			children = (
				525E92301E574EE700E40CD4 /* AppDelegate.swift */,
				6580ED66A7FFDB2AEB21ADB0 /* Models */,
				6580E59CE1E0E73838CED9CE /* Controllers */,
				6580E5C7BB3B8213FE6F1E67 /* Resources */,
				6580E84F23AE64B4FF579CB2 /* Core */,
				6580E38AC80DF4EFBF1DAFF1 /* Supporting Files */,
				6580E877003EBCE5F9671751 /* Style */,
			);
			path = TheSetup;
			sourceTree = "<group>";
		};
		525E92441E574EE700E40CD4 /* TheSetupTests */ = {
			isa = PBXGroup;
			children = (
				525E92471E574EE700E40CD4 /* Info.plist */,
				525E92561E57657D00E40CD4 /* NetworkIntegrationTests.swift */,
			);
			path = TheSetupTests;
			sourceTree = "<group>";
		};
		6580E38AC80DF4EFBF1DAFF1 /* Supporting Files */ = {
			isa = PBXGroup;
			children = (
				6580E2E37015A3BE622E04D5 /* Info.plist */,
			);
			path = "Supporting Files";
			sourceTree = "<group>";
		};
		6580E59CE1E0E73838CED9CE /* Controllers */ = {
			isa = PBXGroup;
			children = (
				5200C4F11E60A69B00D1CFDE /* Interview Detail */,
				5200C4EC1E6093BB00D1CFDE /* Interview List */,
			);
			path = Controllers;
			sourceTree = "<group>";
		};
		6580E5C7BB3B8213FE6F1E67 /* Resources */ = {
			isa = PBXGroup;
			children = (
				6580E58432E6152422C17CA9 /* Assets.xcassets */,
				6580EEFD76A6A94BF5C00F9A /* Storyboards */,
			);
			path = Resources;
			sourceTree = "<group>";
		};
		6580E84F23AE64B4FF579CB2 /* Core */ = {
			isa = PBXGroup;
			children = (
				5200C4E91E60902200D1CFDE /* Service Provider */,
				6580EDD8F6FB1484CEE1A2DB /* Network */,
			);
			path = Core;
			sourceTree = "<group>";
		};
		6580E877003EBCE5F9671751 /* Style */ = {
			isa = PBXGroup;
			children = (
				6580E4A100A17A5EF6EE9A56 /* Style.swift */,
			);
			path = Style;
			sourceTree = "<group>";
		};
		6580ED66A7FFDB2AEB21ADB0 /* Models */ = {
			isa = PBXGroup;
			children = (
				525E92501E5758F400E40CD4 /* Interview.swift */,
				525E92521E575D7A00E40CD4 /* Gear.swift */,
			);
			path = Models;
			sourceTree = "<group>";
		};
		6580EDD8F6FB1484CEE1A2DB /* Network */ = {
			isa = PBXGroup;
			children = (
				525E92541E5760C400E40CD4 /* NetworkService.swift */,
			);
			path = Network;
			sourceTree = "<group>";
		};
		6580EEFD76A6A94BF5C00F9A /* Storyboards */ = {
			isa = PBXGroup;
			children = (
				6580EED8788434943D8DADAD /* Main.storyboard */,
				6580E6074357AB2FD03453CE /* LaunchScreen.storyboard */,
			);
			path = Storyboards;
			sourceTree = "<group>";
		};
		A2D73DD231E4954DA635D236 /* Frameworks */ = {
			isa = PBXGroup;
			children = (
				32DF78FB8BA2CDA50DEA5F8B /* Pods_TheSetup.framework */,
				321BA37F53E947FA72178760 /* Pods_TheSetupTests.framework */,
			);
			name = Frameworks;
			sourceTree = "<group>";
		};
/* End PBXGroup section */

/* Begin PBXNativeTarget section */
		525E922C1E574EE700E40CD4 /* TheSetup */ = {
			isa = PBXNativeTarget;
			buildConfigurationList = 525E924A1E574EE700E40CD4 /* Build configuration list for PBXNativeTarget "TheSetup" */;
			buildPhases = (
				FCB2571BD217A3990BF4237A /* [CP] Check Pods Manifest.lock */,
				525E92291E574EE700E40CD4 /* Sources */,
				525E922A1E574EE700E40CD4 /* Frameworks */,
				525E922B1E574EE700E40CD4 /* Resources */,
				A5AB4A4D17705328128E378F /* [CP] Embed Pods Frameworks */,
				A51FA165105CDAD04438D3C0 /* [CP] Copy Pods Resources */,
			);
			buildRules = (
			);
			dependencies = (
			);
			name = TheSetup;
			productName = TheSetup;
			productReference = 525E922D1E574EE700E40CD4 /* TheSetup.app */;
			productType = "com.apple.product-type.application";
		};
		525E92401E574EE700E40CD4 /* TheSetupTests */ = {
			isa = PBXNativeTarget;
			buildConfigurationList = 525E924D1E574EE700E40CD4 /* Build configuration list for PBXNativeTarget "TheSetupTests" */;
			buildPhases = (
				497E6C3E35637EB64F3E375C /* [CP] Check Pods Manifest.lock */,
				525E923D1E574EE700E40CD4 /* Sources */,
				525E923E1E574EE700E40CD4 /* Frameworks */,
				525E923F1E574EE700E40CD4 /* Resources */,
				ACCD35FF752C8668ECDD8086 /* [CP] Embed Pods Frameworks */,
				BCC2FD36935B8FF5A8BA7CCC /* [CP] Copy Pods Resources */,
			);
			buildRules = (
			);
			dependencies = (
				525E92431E574EE700E40CD4 /* PBXTargetDependency */,
			);
			name = TheSetupTests;
			productName = TheSetupTests;
			productReference = 525E92411E574EE700E40CD4 /* TheSetupTests.xctest */;
			productType = "com.apple.product-type.bundle.unit-test";
		};
/* End PBXNativeTarget section */

/* Begin PBXProject section */
		525E92251E574EE700E40CD4 /* Project object */ = {
			isa = PBXProject;
			attributes = {
				LastSwiftUpdateCheck = 0820;
				LastUpgradeCheck = 0820;
				ORGANIZATIONNAME = Pablosproject;
				TargetAttributes = {
					525E922C1E574EE700E40CD4 = {
						CreatedOnToolsVersion = 8.2.1;
						DevelopmentTeam = 7833YD8CU4;
						ProvisioningStyle = Automatic;
					};
					525E92401E574EE700E40CD4 = {
						CreatedOnToolsVersion = 8.2.1;
						DevelopmentTeam = 7833YD8CU4;
						ProvisioningStyle = Automatic;
						TestTargetID = 525E922C1E574EE700E40CD4;
					};
				};
			};
			buildConfigurationList = 525E92281E574EE700E40CD4 /* Build configuration list for PBXProject "TheSetup" */;
			compatibilityVersion = "Xcode 3.2";
			developmentRegion = English;
			hasScannedForEncodings = 0;
			knownRegions = (
				en,
				Base,
			);
			mainGroup = 525E92241E574EE700E40CD4;
			productRefGroup = 525E922E1E574EE700E40CD4 /* Products */;
			projectDirPath = "";
			projectRoot = "";
			targets = (
				525E922C1E574EE700E40CD4 /* TheSetup */,
				525E92401E574EE700E40CD4 /* TheSetupTests */,
			);
		};
/* End PBXProject section */

/* Begin PBXResourcesBuildPhase section */
		525E922B1E574EE700E40CD4 /* Resources */ = {
			isa = PBXResourcesBuildPhase;
			buildActionMask = 2147483647;
			files = (
				6580E5B530A7368527261F4A /* Assets.xcassets in Resources */,
				6580E40D0ABF1C22507500C7 /* Main.storyboard in Resources */,
				6580E102027D722C17B806D2 /* LaunchScreen.storyboard in Resources */,
			);
			runOnlyForDeploymentPostprocessing = 0;
		};
		525E923F1E574EE700E40CD4 /* Resources */ = {
			isa = PBXResourcesBuildPhase;
			buildActionMask = 2147483647;
			files = (
			);
			runOnlyForDeploymentPostprocessing = 0;
		};
/* End PBXResourcesBuildPhase section */

/* Begin PBXShellScriptBuildPhase section */
		497E6C3E35637EB64F3E375C /* [CP] Check Pods Manifest.lock */ = {
			isa = PBXShellScriptBuildPhase;
			buildActionMask = 2147483647;
			files = (
			);
			inputPaths = (
			);
			name = "[CP] Check Pods Manifest.lock";
			outputPaths = (
			);
			runOnlyForDeploymentPostprocessing = 0;
			shellPath = /bin/sh;
			shellScript = "diff \"${PODS_ROOT}/../Podfile.lock\" \"${PODS_ROOT}/Manifest.lock\" > /dev/null\nif [ $? != 0 ] ; then\n    # print error to STDERR\n    echo \"error: The sandbox is not in sync with the Podfile.lock. Run 'pod install' or update your CocoaPods installation.\" >&2\n    exit 1\nfi\n";
			showEnvVarsInLog = 0;
		};
		A51FA165105CDAD04438D3C0 /* [CP] Copy Pods Resources */ = {
			isa = PBXShellScriptBuildPhase;
			buildActionMask = 2147483647;
			files = (
			);
			inputPaths = (
			);
			name = "[CP] Copy Pods Resources";
			outputPaths = (
			);
			runOnlyForDeploymentPostprocessing = 0;
			shellPath = /bin/sh;
			shellScript = "\"${SRCROOT}/Pods/Target Support Files/Pods-TheSetup/Pods-TheSetup-resources.sh\"\n";
			showEnvVarsInLog = 0;
		};
		A5AB4A4D17705328128E378F /* [CP] Embed Pods Frameworks */ = {
			isa = PBXShellScriptBuildPhase;
			buildActionMask = 2147483647;
			files = (
			);
			inputPaths = (
			);
			name = "[CP] Embed Pods Frameworks";
			outputPaths = (
			);
			runOnlyForDeploymentPostprocessing = 0;
			shellPath = /bin/sh;
			shellScript = "\"${SRCROOT}/Pods/Target Support Files/Pods-TheSetup/Pods-TheSetup-frameworks.sh\"\n";
			showEnvVarsInLog = 0;
		};
		ACCD35FF752C8668ECDD8086 /* [CP] Embed Pods Frameworks */ = {
			isa = PBXShellScriptBuildPhase;
			buildActionMask = 2147483647;
			files = (
			);
			inputPaths = (
			);
			name = "[CP] Embed Pods Frameworks";
			outputPaths = (
			);
			runOnlyForDeploymentPostprocessing = 0;
			shellPath = /bin/sh;
			shellScript = "\"${SRCROOT}/Pods/Target Support Files/Pods-TheSetupTests/Pods-TheSetupTests-frameworks.sh\"\n";
			showEnvVarsInLog = 0;
		};
		BCC2FD36935B8FF5A8BA7CCC /* [CP] Copy Pods Resources */ = {
			isa = PBXShellScriptBuildPhase;
			buildActionMask = 2147483647;
			files = (
			);
			inputPaths = (
			);
			name = "[CP] Copy Pods Resources";
			outputPaths = (
			);
			runOnlyForDeploymentPostprocessing = 0;
			shellPath = /bin/sh;
			shellScript = "\"${SRCROOT}/Pods/Target Support Files/Pods-TheSetupTests/Pods-TheSetupTests-resources.sh\"\n";
			showEnvVarsInLog = 0;
		};
		FCB2571BD217A3990BF4237A /* [CP] Check Pods Manifest.lock */ = {
			isa = PBXShellScriptBuildPhase;
			buildActionMask = 2147483647;
			files = (
			);
			inputPaths = (
			);
			name = "[CP] Check Pods Manifest.lock";
			outputPaths = (
			);
			runOnlyForDeploymentPostprocessing = 0;
			shellPath = /bin/sh;
			shellScript = "diff \"${PODS_ROOT}/../Podfile.lock\" \"${PODS_ROOT}/Manifest.lock\" > /dev/null\nif [ $? != 0 ] ; then\n    # print error to STDERR\n    echo \"error: The sandbox is not in sync with the Podfile.lock. Run 'pod install' or update your CocoaPods installation.\" >&2\n    exit 1\nfi\n";
			showEnvVarsInLog = 0;
		};
/* End PBXShellScriptBuildPhase section */

/* Begin PBXSourcesBuildPhase section */
		525E92291E574EE700E40CD4 /* Sources */ = {
			isa = PBXSourcesBuildPhase;
			buildActionMask = 2147483647;
			files = (
				5200C4EB1E60903D00D1CFDE /* ServiceProvider.swift in Sources */,
				525E92551E5760C400E40CD4 /* NetworkService.swift in Sources */,
				5200C4EE1E6093DF00D1CFDE /* InterviewListViewController.swift in Sources */,
				525E92531E575D7A00E40CD4 /* Gear.swift in Sources */,
				525E92311E574EE700E40CD4 /* AppDelegate.swift in Sources */,
				5200C4F01E60943B00D1CFDE /* InterviewListCell.swift in Sources */,
				5200C4F31E60A6CE00D1CFDE /* InterviewDetailController.swift in Sources */,
				525E92511E5758F400E40CD4 /* Interview.swift in Sources */,
				6580E84E828BE393C69769BB /* Style.swift in Sources */,
			);
			runOnlyForDeploymentPostprocessing = 0;
		};
		525E923D1E574EE700E40CD4 /* Sources */ = {
			isa = PBXSourcesBuildPhase;
			buildActionMask = 2147483647;
			files = (
				525E925A1E5765E300E40CD4 /* Gear.swift in Sources */,
				525E92581E5765D900E40CD4 /* NetworkService.swift in Sources */,
				525E92571E57657D00E40CD4 /* NetworkIntegrationTests.swift in Sources */,
				525E92591E5765E000E40CD4 /* Interview.swift in Sources */,
			);
			runOnlyForDeploymentPostprocessing = 0;
		};
/* End PBXSourcesBuildPhase section */

/* Begin PBXTargetDependency section */
		525E92431E574EE700E40CD4 /* PBXTargetDependency */ = {
			isa = PBXTargetDependency;
			target = 525E922C1E574EE700E40CD4 /* TheSetup */;
			targetProxy = 525E92421E574EE700E40CD4 /* PBXContainerItemProxy */;
		};
/* End PBXTargetDependency section */

/* Begin PBXVariantGroup section */
		6580E6074357AB2FD03453CE /* LaunchScreen.storyboard */ = {
			isa = PBXVariantGroup;
			children = (
				6580ED7992CADD105900B5A2 /* Base */,
			);
			name = LaunchScreen.storyboard;
			sourceTree = "<group>";
		};
		6580EED8788434943D8DADAD /* Main.storyboard */ = {
			isa = PBXVariantGroup;
			children = (
				6580EB6123D3EB68CA091586 /* Base */,
			);
			name = Main.storyboard;
			sourceTree = "<group>";
		};
/* End PBXVariantGroup section */

/* Begin XCBuildConfiguration section */
		525E92481E574EE700E40CD4 /* Debug */ = {
			isa = XCBuildConfiguration;
			buildSettings = {
				ALWAYS_SEARCH_USER_PATHS = NO;
				CLANG_ANALYZER_NONNULL = YES;
				CLANG_CXX_LANGUAGE_STANDARD = "gnu++0x";
				CLANG_CXX_LIBRARY = "libc++";
				CLANG_ENABLE_MODULES = YES;
				CLANG_ENABLE_OBJC_ARC = YES;
				CLANG_WARN_BOOL_CONVERSION = YES;
				CLANG_WARN_CONSTANT_CONVERSION = YES;
				CLANG_WARN_DIRECT_OBJC_ISA_USAGE = YES_ERROR;
				CLANG_WARN_DOCUMENTATION_COMMENTS = YES;
				CLANG_WARN_EMPTY_BODY = YES;
				CLANG_WARN_ENUM_CONVERSION = YES;
				CLANG_WARN_INFINITE_RECURSION = YES;
				CLANG_WARN_INT_CONVERSION = YES;
				CLANG_WARN_OBJC_ROOT_CLASS = YES_ERROR;
				CLANG_WARN_SUSPICIOUS_MOVE = YES;
				CLANG_WARN_UNREACHABLE_CODE = YES;
				CLANG_WARN__DUPLICATE_METHOD_MATCH = YES;
				"CODE_SIGN_IDENTITY[sdk=iphoneos*]" = "iPhone Developer";
				COPY_PHASE_STRIP = NO;
				DEBUG_INFORMATION_FORMAT = dwarf;
				ENABLE_STRICT_OBJC_MSGSEND = YES;
				ENABLE_TESTABILITY = YES;
				GCC_C_LANGUAGE_STANDARD = gnu99;
				GCC_DYNAMIC_NO_PIC = NO;
				GCC_NO_COMMON_BLOCKS = YES;
				GCC_OPTIMIZATION_LEVEL = 0;
				GCC_PREPROCESSOR_DEFINITIONS = (
					"DEBUG=1",
					"$(inherited)",
				);
				GCC_WARN_64_TO_32_BIT_CONVERSION = YES;
				GCC_WARN_ABOUT_RETURN_TYPE = YES_ERROR;
				GCC_WARN_UNDECLARED_SELECTOR = YES;
				GCC_WARN_UNINITIALIZED_AUTOS = YES_AGGRESSIVE;
				GCC_WARN_UNUSED_FUNCTION = YES;
				GCC_WARN_UNUSED_VARIABLE = YES;
				IPHONEOS_DEPLOYMENT_TARGET = 10.2;
				MTL_ENABLE_DEBUG_INFO = YES;
				ONLY_ACTIVE_ARCH = YES;
				SDKROOT = iphoneos;
				SWIFT_ACTIVE_COMPILATION_CONDITIONS = DEBUG;
				SWIFT_OPTIMIZATION_LEVEL = "-Onone";
				TARGETED_DEVICE_FAMILY = "1,2";
			};
			name = Debug;
		};
		525E92491E574EE700E40CD4 /* Release */ = {
			isa = XCBuildConfiguration;
			buildSettings = {
				ALWAYS_SEARCH_USER_PATHS = NO;
				CLANG_ANALYZER_NONNULL = YES;
				CLANG_CXX_LANGUAGE_STANDARD = "gnu++0x";
				CLANG_CXX_LIBRARY = "libc++";
				CLANG_ENABLE_MODULES = YES;
				CLANG_ENABLE_OBJC_ARC = YES;
				CLANG_WARN_BOOL_CONVERSION = YES;
				CLANG_WARN_CONSTANT_CONVERSION = YES;
				CLANG_WARN_DIRECT_OBJC_ISA_USAGE = YES_ERROR;
				CLANG_WARN_DOCUMENTATION_COMMENTS = YES;
				CLANG_WARN_EMPTY_BODY = YES;
				CLANG_WARN_ENUM_CONVERSION = YES;
				CLANG_WARN_INFINITE_RECURSION = YES;
				CLANG_WARN_INT_CONVERSION = YES;
				CLANG_WARN_OBJC_ROOT_CLASS = YES_ERROR;
				CLANG_WARN_SUSPICIOUS_MOVE = YES;
				CLANG_WARN_UNREACHABLE_CODE = YES;
				CLANG_WARN__DUPLICATE_METHOD_MATCH = YES;
				"CODE_SIGN_IDENTITY[sdk=iphoneos*]" = "iPhone Developer";
				COPY_PHASE_STRIP = NO;
				DEBUG_INFORMATION_FORMAT = "dwarf-with-dsym";
				ENABLE_NS_ASSERTIONS = NO;
				ENABLE_STRICT_OBJC_MSGSEND = YES;
				GCC_C_LANGUAGE_STANDARD = gnu99;
				GCC_NO_COMMON_BLOCKS = YES;
				GCC_WARN_64_TO_32_BIT_CONVERSION = YES;
				GCC_WARN_ABOUT_RETURN_TYPE = YES_ERROR;
				GCC_WARN_UNDECLARED_SELECTOR = YES;
				GCC_WARN_UNINITIALIZED_AUTOS = YES_AGGRESSIVE;
				GCC_WARN_UNUSED_FUNCTION = YES;
				GCC_WARN_UNUSED_VARIABLE = YES;
				IPHONEOS_DEPLOYMENT_TARGET = 10.2;
				MTL_ENABLE_DEBUG_INFO = NO;
				SDKROOT = iphoneos;
				SWIFT_OPTIMIZATION_LEVEL = "-Owholemodule";
				TARGETED_DEVICE_FAMILY = "1,2";
				VALIDATE_PRODUCT = YES;
			};
			name = Release;
		};
		525E924B1E574EE700E40CD4 /* Debug */ = {
			isa = XCBuildConfiguration;
			baseConfigurationReference = 43A3D7190685D806CA6B762C /* Pods-TheSetup.debug.xcconfig */;
			buildSettings = {
				ASSETCATALOG_COMPILER_APPICON_NAME = AppIcon;
				DEVELOPMENT_TEAM = 7833YD8CU4;
				INFOPLIST_FILE = "$(SRCROOT)/TheSetup/Supporting Files/Info.plist";
				LD_RUNPATH_SEARCH_PATHS = "$(inherited) @executable_path/Frameworks";
				PRODUCT_BUNDLE_IDENTIFIER = com.pablosproject.TheSetup;
				PRODUCT_NAME = "$(TARGET_NAME)";
				SWIFT_VERSION = 3.0;
			};
			name = Debug;
		};
		525E924C1E574EE700E40CD4 /* Release */ = {
			isa = XCBuildConfiguration;
			baseConfigurationReference = CCA5420CADAB69A7E9DAD5C4 /* Pods-TheSetup.release.xcconfig */;
			buildSettings = {
				ASSETCATALOG_COMPILER_APPICON_NAME = AppIcon;
				DEVELOPMENT_TEAM = 7833YD8CU4;
				INFOPLIST_FILE = "$(SRCROOT)/TheSetup/Supporting Files/Info.plist";
				LD_RUNPATH_SEARCH_PATHS = "$(inherited) @executable_path/Frameworks";
				PRODUCT_BUNDLE_IDENTIFIER = com.pablosproject.TheSetup;
				PRODUCT_NAME = "$(TARGET_NAME)";
				SWIFT_VERSION = 3.0;
			};
			name = Release;
		};
		525E924E1E574EE700E40CD4 /* Debug */ = {
			isa = XCBuildConfiguration;
			baseConfigurationReference = 3A4BC7FA646232F30697AE0C /* Pods-TheSetupTests.debug.xcconfig */;
			buildSettings = {
				ALWAYS_EMBED_SWIFT_STANDARD_LIBRARIES = YES;
				BUNDLE_LOADER = "$(TEST_HOST)";
				DEVELOPMENT_TEAM = 7833YD8CU4;
				INFOPLIST_FILE = TheSetupTests/Info.plist;
				LD_RUNPATH_SEARCH_PATHS = "$(inherited) @executable_path/Frameworks @loader_path/Frameworks";
				PRODUCT_BUNDLE_IDENTIFIER = com.pablosproject.TheSetupTests;
				PRODUCT_NAME = "$(TARGET_NAME)";
				SWIFT_VERSION = 3.0;
				TEST_HOST = "$(BUILT_PRODUCTS_DIR)/TheSetup.app/TheSetup";
			};
			name = Debug;
		};
		525E924F1E574EE700E40CD4 /* Release */ = {
			isa = XCBuildConfiguration;
			baseConfigurationReference = B65CBEC1FD80EDEB48B73FFA /* Pods-TheSetupTests.release.xcconfig */;
			buildSettings = {
				ALWAYS_EMBED_SWIFT_STANDARD_LIBRARIES = YES;
				BUNDLE_LOADER = "$(TEST_HOST)";
				DEVELOPMENT_TEAM = 7833YD8CU4;
				INFOPLIST_FILE = TheSetupTests/Info.plist;
				LD_RUNPATH_SEARCH_PATHS = "$(inherited) @executable_path/Frameworks @loader_path/Frameworks";
				PRODUCT_BUNDLE_IDENTIFIER = com.pablosproject.TheSetupTests;
				PRODUCT_NAME = "$(TARGET_NAME)";
				SWIFT_VERSION = 3.0;
				TEST_HOST = "$(BUILT_PRODUCTS_DIR)/TheSetup.app/TheSetup";
			};
			name = Release;
		};
/* End XCBuildConfiguration section */

/* Begin XCConfigurationList section */
		525E92281E574EE700E40CD4 /* Build configuration list for PBXProject "TheSetup" */ = {
			isa = XCConfigurationList;
			buildConfigurations = (
				525E92481E574EE700E40CD4 /* Debug */,
				525E92491E574EE700E40CD4 /* Release */,
			);
			defaultConfigurationIsVisible = 0;
			defaultConfigurationName = Release;
		};
		525E924A1E574EE700E40CD4 /* Build configuration list for PBXNativeTarget "TheSetup" */ = {
			isa = XCConfigurationList;
			buildConfigurations = (
				525E924B1E574EE700E40CD4 /* Debug */,
				525E924C1E574EE700E40CD4 /* Release */,
			);
			defaultConfigurationIsVisible = 0;
			defaultConfigurationName = Release;
		};
		525E924D1E574EE700E40CD4 /* Build configuration list for PBXNativeTarget "TheSetupTests" */ = {
			isa = XCConfigurationList;
			buildConfigurations = (
				525E924E1E574EE700E40CD4 /* Debug */,
				525E924F1E574EE700E40CD4 /* Release */,
			);
			defaultConfigurationIsVisible = 0;
			defaultConfigurationName = Release;
		};
/* End XCConfigurationList section */
	};
	rootObject = 525E92251E574EE700E40CD4 /* Project object */;
}
